
Microsoft Visual Studio Solution File, Format Version 12.00
# Visual Studio 2012
Project("{D954291E-2A0B-460D-934E-DC6B0785DB48}") = "PublicTransit", "PublicTransit\PublicTransit.shproj", "{CD5594D5-DCF7-4EE6-B7A7-4FB07FF1DF7B}"
EndProject
Project("{FAE04EC0-301F-11D3-BF4B-00C04F79EFBC}") = "PublicTransit.Droid", "Droid\PublicTransit.Droid.csproj", "{517A9FD6-1A8A-4E93-9284-64DB6DFE188F}"
EndProject
Project("{FAE04EC0-301F-11D3-BF4B-00C04F79EFBC}") = "PublicTransit.iOS", "iOS\PublicTransit.iOS.csproj", "{123ACDFD-D85F-445C-9170-C767E95DF1C3}"
EndProject
Global
	GlobalSection(SolutionConfigurationPlatforms) = preSolution
		Debug|Any CPU = Debug|Any CPU
		Release|Any CPU = Release|Any CPU
		Debug|iPhoneSimulator = Debug|iPhoneSimulator
		Release|iPhone = Release|iPhone
		Release|iPhoneSimulator = Release|iPhoneSimulator
		Debug|iPhone = Debug|iPhone
	EndGlobalSection
	GlobalSection(ProjectConfigurationPlatforms) = postSolution
		{517A9FD6-1A8A-4E93-9284-64DB6DFE188F}.Debug|Any CPU.ActiveCfg = Debug|Any CPU
		{517A9FD6-1A8A-4E93-9284-64DB6DFE188F}.Debug|Any CPU.Build.0 = Debug|Any CPU
		{517A9FD6-1A8A-4E93-9284-64DB6DFE188F}.Release|Any CPU.ActiveCfg = Release|Any CPU
		{517A9FD6-1A8A-4E93-9284-64DB6DFE188F}.Release|Any CPU.Build.0 = Release|Any CPU
		{517A9FD6-1A8A-4E93-9284-64DB6DFE188F}.Debug|iPhoneSimulator.ActiveCfg = Debug|Any CPU
		{517A9FD6-1A8A-4E93-9284-64DB6DFE188F}.Debug|iPhoneSimulator.Build.0 = Debug|Any CPU
		{517A9FD6-1A8A-4E93-9284-64DB6DFE188F}.Release|iPhone.ActiveCfg = Release|Any CPU
		{517A9FD6-1A8A-4E93-9284-64DB6DFE188F}.Release|iPhone.Build.0 = Release|Any CPU
		{517A9FD6-1A8A-4E93-9284-64DB6DFE188F}.Release|iPhoneSimulator.ActiveCfg = Release|Any CPU
		{517A9FD6-1A8A-4E93-9284-64DB6DFE188F}.Release|iPhoneSimulator.Build.0 = Release|Any CPU
		{517A9FD6-1A8A-4E93-9284-64DB6DFE188F}.Debug|iPhone.ActiveCfg = Debug|Any CPU
		{517A9FD6-1A8A-4E93-9284-64DB6DFE188F}.Debug|iPhone.Build.0 = Debug|Any CPU
		{123ACDFD-D85F-445C-9170-C767E95DF1C3}.Debug|Any CPU.ActiveCfg = Debug|iPhoneSimulator
		{123ACDFD-D85F-445C-9170-C767E95DF1C3}.Debug|Any CPU.Build.0 = Debug|iPhoneSimulator
		{123ACDFD-D85F-445C-9170-C767E95DF1C3}.Release|Any CPU.ActiveCfg = Release|iPhone
		{123ACDFD-D85F-445C-9170-C767E95DF1C3}.Release|Any CPU.Build.0 = Release|iPhone
		{123ACDFD-D85F-445C-9170-C767E95DF1C3}.Debug|iPhoneSimulator.ActiveCfg = Debug|iPhoneSimulator
		{123ACDFD-D85F-445C-9170-C767E95DF1C3}.Debug|iPhoneSimulator.Build.0 = Debug|iPhoneSimulator
		{123ACDFD-D85F-445C-9170-C767E95DF1C3}.Release|iPhone.ActiveCfg = Release|iPhone
		{123ACDFD-D85F-445C-9170-C767E95DF1C3}.Release|iPhone.Build.0 = Release|iPhone
		{123ACDFD-D85F-445C-9170-C767E95DF1C3}.Release|iPhoneSimulator.ActiveCfg = Release|iPhoneSimulator
		{123ACDFD-D85F-445C-9170-C767E95DF1C3}.Release|iPhoneSimulator.Build.0 = Release|iPhoneSimulator
		{123ACDFD-D85F-445C-9170-C767E95DF1C3}.Debug|iPhone.ActiveCfg = Debug|iPhone
		{123ACDFD-D85F-445C-9170-C767E95DF1C3}.Debug|iPhone.Build.0 = Debug|iPhone
	EndGlobalSection
	GlobalSection(MonoDevelopProperties) = preSolution
		Policies = $0
		$0.TextStylePolicy = $1
		$1.FileWidth = 120
		$1.inheritsSet = VisualStudio
		$1.inheritsScope = text/plain
		$1.scope = text/x-csharp
		$0.CSharpFormattingPolicy = $2
		$2.IndentSwitchSection = True
		$2.NewLinesForBracesInProperties = True
		$2.NewLinesForBracesInAccessors = True
		$2.NewLinesForBracesInAnonymousMethods = True
		$2.NewLinesForBracesInControlBlocks = True
		$2.NewLinesForBracesInAnonymousTypes = True
		$2.NewLinesForBracesInObjectCollectionArrayInitializers = True
		$2.NewLinesForBracesInLambdaExpressionBody = True
		$2.NewLineForElse = True
		$2.NewLineForCatch = True
		$2.NewLineForFinally = True
		$2.NewLineForMembersInObjectInit = True
		$2.NewLineForMembersInAnonymousTypes = True
		$2.NewLineForClausesInQuery = True
		$2.SpacingAfterMethodDeclarationName = False
		$2.SpaceAfterMethodCallName = False
		$2.SpaceBeforeOpenSquareBracket = False
		$2.inheritsSet = Mono
		$2.inheritsScope = text/x-csharp
		$2.scope = text/x-csharp
	EndGlobalSection
EndGlobal
